// !$*UTF8*$!
{
	archiveVersion = 1;
	classes = {
	};
	objectVersion = 55;
	objects = {

/* Begin PBXBuildFile section */
		9028E28F296F929900D606D2 /* AppDelegate.swift in Sources */ = {isa = PBXBuildFile; fileRef = 9028E28E296F929900D606D2 /* AppDelegate.swift */; };
		9028E291296F929900D606D2 /* SceneDelegate.swift in Sources */ = {isa = PBXBuildFile; fileRef = 9028E290296F929900D606D2 /* SceneDelegate.swift */; };
		9028E293296F929900D606D2 /* ViewController.swift in Sources */ = {isa = PBXBuildFile; fileRef = 9028E292296F929900D606D2 /* ViewController.swift */; };
		9028E296296F929900D606D2 /* Main.storyboard in Resources */ = {isa = PBXBuildFile; fileRef = 9028E294296F929900D606D2 /* Main.storyboard */; };
		9028E298296F929A00D606D2 /* Assets.xcassets in Resources */ = {isa = PBXBuildFile; fileRef = 9028E297296F929A00D606D2 /* Assets.xcassets */; };
		9028E29B296F929A00D606D2 /* LaunchScreen.storyboard in Resources */ = {isa = PBXBuildFile; fileRef = 9028E299296F929A00D606D2 /* LaunchScreen.storyboard */; };
		9028E2A6296F929A00D606D2 /* LECPTests.swift in Sources */ = {isa = PBXBuildFile; fileRef = 9028E2A5296F929A00D606D2 /* LECPTests.swift */; };
		9028E2B0296F929A00D606D2 /* LECPUITests.swift in Sources */ = {isa = PBXBuildFile; fileRef = 9028E2AF296F929A00D606D2 /* LECPUITests.swift */; };
		9028E2B2296F929A00D606D2 /* LECPUITestsLaunchTests.swift in Sources */ = {isa = PBXBuildFile; fileRef = 9028E2B1296F929A00D606D2 /* LECPUITestsLaunchTests.swift */; };
		9028E2C0296F958000D606D2 /* SkeletonView in Frameworks */ = {isa = PBXBuildFile; productRef = 9028E2BF296F958000D606D2 /* SkeletonView */; };
		9028E2C3296F996400D606D2 /* User.swift in Sources */ = {isa = PBXBuildFile; fileRef = 9028E2C2296F996400D606D2 /* User.swift */; };
		90BDE3BF297274200000BB40 /* ImageViewController.swift in Sources */ = {isa = PBXBuildFile; fileRef = 90BDE3BE297274200000BB40 /* ImageViewController.swift */; };
/* End PBXBuildFile section */

/* Begin PBXContainerItemProxy section */
		9028E2A2296F929A00D606D2 /* PBXContainerItemProxy */ = {
			isa = PBXContainerItemProxy;
			containerPortal = 9028E283296F929900D606D2 /* Project object */;
			proxyType = 1;
			remoteGlobalIDString = 9028E28A296F929900D606D2;
			remoteInfo = LECP;
		};
		9028E2AC296F929A00D606D2 /* PBXContainerItemProxy */ = {
			isa = PBXContainerItemProxy;
			containerPortal = 9028E283296F929900D606D2 /* Project object */;
			proxyType = 1;
			remoteGlobalIDString = 9028E28A296F929900D606D2;
			remoteInfo = LECP;
		};
/* End PBXContainerItemProxy section */

/* Begin PBXFileReference section */
		9028E28B296F929900D606D2 /* LECP.app */ = {isa = PBXFileReference; explicitFileType = wrapper.application; includeInIndex = 0; path = LECP.app; sourceTree = BUILT_PRODUCTS_DIR; };
		9028E28E296F929900D606D2 /* AppDelegate.swift */ = {isa = PBXFileReference; lastKnownFileType = sourcecode.swift; path = AppDelegate.swift; sourceTree = "<group>"; };
		9028E290296F929900D606D2 /* SceneDelegate.swift */ = {isa = PBXFileReference; lastKnownFileType = sourcecode.swift; path = SceneDelegate.swift; sourceTree = "<group>"; };
		9028E292296F929900D606D2 /* ViewController.swift */ = {isa = PBXFileReference; lastKnownFileType = sourcecode.swift; path = ViewController.swift; sourceTree = "<group>"; };
		9028E295296F929900D606D2 /* Base */ = {isa = PBXFileReference; lastKnownFileType = file.storyboard; name = Base; path = Base.lproj/Main.storyboard; sourceTree = "<group>"; };
		9028E297296F929A00D606D2 /* Assets.xcassets */ = {isa = PBXFileReference; lastKnownFileType = folder.assetcatalog; path = Assets.xcassets; sourceTree = "<group>"; };
		9028E29A296F929A00D606D2 /* Base */ = {isa = PBXFileReference; lastKnownFileType = file.storyboard; name = Base; path = Base.lproj/LaunchScreen.storyboard; sourceTree = "<group>"; };
		9028E29C296F929A00D606D2 /* Info.plist */ = {isa = PBXFileReference; lastKnownFileType = text.plist.xml; path = Info.plist; sourceTree = "<group>"; };
		9028E2A1296F929A00D606D2 /* LECPTests.xctest */ = {isa = PBXFileReference; explicitFileType = wrapper.cfbundle; includeInIndex = 0; path = LECPTests.xctest; sourceTree = BUILT_PRODUCTS_DIR; };
		9028E2A5296F929A00D606D2 /* LECPTests.swift */ = {isa = PBXFileReference; lastKnownFileType = sourcecode.swift; path = LECPTests.swift; sourceTree = "<group>"; };
		9028E2AB296F929A00D606D2 /* LECPUITests.xctest */ = {isa = PBXFileReference; explicitFileType = wrapper.cfbundle; includeInIndex = 0; path = LECPUITests.xctest; sourceTree = BUILT_PRODUCTS_DIR; };
		9028E2AF296F929A00D606D2 /* LECPUITests.swift */ = {isa = PBXFileReference; lastKnownFileType = sourcecode.swift; path = LECPUITests.swift; sourceTree = "<group>"; };
		9028E2B1296F929A00D606D2 /* LECPUITestsLaunchTests.swift */ = {isa = PBXFileReference; lastKnownFileType = sourcecode.swift; path = LECPUITestsLaunchTests.swift; sourceTree = "<group>"; };
		9028E2C2296F996400D606D2 /* User.swift */ = {isa = PBXFileReference; lastKnownFileType = sourcecode.swift; path = User.swift; sourceTree = "<group>"; };
		90BDE3BE297274200000BB40 /* ImageViewController.swift */ = {isa = PBXFileReference; lastKnownFileType = sourcecode.swift; path = ImageViewController.swift; sourceTree = "<group>"; };
/* End PBXFileReference section */

/* Begin PBXFrameworksBuildPhase section */
		9028E288296F929900D606D2 /* Frameworks */ = {
			isa = PBXFrameworksBuildPhase;
			buildActionMask = 2147483647;
			files = (
				9028E2C0296F958000D606D2 /* SkeletonView in Frameworks */,
			);
			runOnlyForDeploymentPostprocessing = 0;
		};
		9028E29E296F929A00D606D2 /* Frameworks */ = {
			isa = PBXFrameworksBuildPhase;
			buildActionMask = 2147483647;
			files = (
			);
			runOnlyForDeploymentPostprocessing = 0;
		};
		9028E2A8296F929A00D606D2 /* Frameworks */ = {
			isa = PBXFrameworksBuildPhase;
			buildActionMask = 2147483647;
			files = (
			);
			runOnlyForDeploymentPostprocessing = 0;
		};
/* End PBXFrameworksBuildPhase section */

/* Begin PBXGroup section */
		9028E282296F929900D606D2 = {
			isa = PBXGroup;
			children = (
				9028E28D296F929900D606D2 /* LECP */,
				9028E2A4296F929A00D606D2 /* LECPTests */,
				9028E2AE296F929A00D606D2 /* LECPUITests */,
				9028E28C296F929900D606D2 /* Products */,
			);
			sourceTree = "<group>";
		};
		9028E28C296F929900D606D2 /* Products */ = {
			isa = PBXGroup;
			children = (
				9028E28B296F929900D606D2 /* LECP.app */,
				9028E2A1296F929A00D606D2 /* LECPTests.xctest */,
				9028E2AB296F929A00D606D2 /* LECPUITests.xctest */,
			);
			name = Products;
			sourceTree = "<group>";
		};
		9028E28D296F929900D606D2 /* LECP */ = {
			isa = PBXGroup;
			children = (
				90BDE3BD297274040000BB40 /* controllers */,
				9028E2C1296F993000D606D2 /* model */,
				9028E28E296F929900D606D2 /* AppDelegate.swift */,
				9028E290296F929900D606D2 /* SceneDelegate.swift */,
				9028E294296F929900D606D2 /* Main.storyboard */,
				9028E297296F929A00D606D2 /* Assets.xcassets */,
				9028E299296F929A00D606D2 /* LaunchScreen.storyboard */,
				9028E29C296F929A00D606D2 /* Info.plist */,
			);
			path = LECP;
			sourceTree = "<group>";
		};
		9028E2A4296F929A00D606D2 /* LECPTests */ = {
			isa = PBXGroup;
			children = (
				9028E2A5296F929A00D606D2 /* LECPTests.swift */,
			);
			path = LECPTests;
			sourceTree = "<group>";
		};
		9028E2AE296F929A00D606D2 /* LECPUITests */ = {
			isa = PBXGroup;
			children = (
				9028E2AF296F929A00D606D2 /* LECPUITests.swift */,
				9028E2B1296F929A00D606D2 /* LECPUITestsLaunchTests.swift */,
			);
			path = LECPUITests;
			sourceTree = "<group>";
		};
		9028E2C1296F993000D606D2 /* model */ = {
			isa = PBXGroup;
			children = (
				9028E2C2296F996400D606D2 /* User.swift */,
			);
			path = model;
			sourceTree = "<group>";
		};
		90BDE3BD297274040000BB40 /* controllers */ = {
			isa = PBXGroup;
			children = (
				9028E292296F929900D606D2 /* ViewController.swift */,
				90BDE3BE297274200000BB40 /* ImageViewController.swift */,
			);
			path = controllers;
			sourceTree = "<group>";
		};
/* End PBXGroup section */

/* Begin PBXNativeTarget section */
		9028E28A296F929900D606D2 /* LECP */ = {
			isa = PBXNativeTarget;
			buildConfigurationList = 9028E2B5296F929A00D606D2 /* Build configuration list for PBXNativeTarget "LECP" */;
			buildPhases = (
				9028E287296F929900D606D2 /* Sources */,
				9028E288296F929900D606D2 /* Frameworks */,
				9028E289296F929900D606D2 /* Resources */,
			);
			buildRules = (
			);
			dependencies = (
			);
			name = LECP;
			packageProductDependencies = (
				9028E2BF296F958000D606D2 /* SkeletonView */,
			);
			productName = LECP;
			productReference = 9028E28B296F929900D606D2 /* LECP.app */;
			productType = "com.apple.product-type.application";
		};
		9028E2A0296F929A00D606D2 /* LECPTests */ = {
			isa = PBXNativeTarget;
			buildConfigurationList = 9028E2B8296F929A00D606D2 /* Build configuration list for PBXNativeTarget "LECPTests" */;
			buildPhases = (
				9028E29D296F929A00D606D2 /* Sources */,
				9028E29E296F929A00D606D2 /* Frameworks */,
				9028E29F296F929A00D606D2 /* Resources */,
			);
			buildRules = (
			);
			dependencies = (
				9028E2A3296F929A00D606D2 /* PBXTargetDependency */,
			);
			name = LECPTests;
			productName = LECPTests;
			productReference = 9028E2A1296F929A00D606D2 /* LECPTests.xctest */;
			productType = "com.apple.product-type.bundle.unit-test";
		};
		9028E2AA296F929A00D606D2 /* LECPUITests */ = {
			isa = PBXNativeTarget;
			buildConfigurationList = 9028E2BB296F929A00D606D2 /* Build configuration list for PBXNativeTarget "LECPUITests" */;
			buildPhases = (
				9028E2A7296F929A00D606D2 /* Sources */,
				9028E2A8296F929A00D606D2 /* Frameworks */,
				9028E2A9296F929A00D606D2 /* Resources */,
			);
			buildRules = (
			);
			dependencies = (
				9028E2AD296F929A00D606D2 /* PBXTargetDependency */,
			);
			name = LECPUITests;
			productName = LECPUITests;
			productReference = 9028E2AB296F929A00D606D2 /* LECPUITests.xctest */;
			productType = "com.apple.product-type.bundle.ui-testing";
		};
/* End PBXNativeTarget section */

/* Begin PBXProject section */
		9028E283296F929900D606D2 /* Project object */ = {
			isa = PBXProject;
			attributes = {
				BuildIndependentTargetsInParallel = 1;
				LastSwiftUpdateCheck = 1410;
				LastUpgradeCheck = 1410;
				TargetAttributes = {
					9028E28A296F929900D606D2 = {
						CreatedOnToolsVersion = 14.1;
					};
					9028E2A0296F929A00D606D2 = {
						CreatedOnToolsVersion = 14.1;
						TestTargetID = 9028E28A296F929900D606D2;
					};
					9028E2AA296F929A00D606D2 = {
						CreatedOnToolsVersion = 14.1;
						TestTargetID = 9028E28A296F929900D606D2;
					};
				};
			};
			buildConfigurationList = 9028E286296F929900D606D2 /* Build configuration list for PBXProject "LECP" */;
			compatibilityVersion = "Xcode 13.0";
			developmentRegion = en;
			hasScannedForEncodings = 0;
			knownRegions = (
				en,
				Base,
			);
			mainGroup = 9028E282296F929900D606D2;
			packageReferences = (
				9028E2BE296F958000D606D2 /* XCRemoteSwiftPackageReference "SkeletonView" */,
			);
			productRefGroup = 9028E28C296F929900D606D2 /* Products */;
			projectDirPath = "";
			projectRoot = "";
			targets = (
				9028E28A296F929900D606D2 /* LECP */,
				9028E2A0296F929A00D606D2 /* LECPTests */,
				9028E2AA296F929A00D606D2 /* LECPUITests */,
			);
		};
/* End PBXProject section */

/* Begin PBXResourcesBuildPhase section */
		9028E289296F929900D606D2 /* Resources */ = {
			isa = PBXResourcesBuildPhase;
			buildActionMask = 2147483647;
			files = (
				9028E29B296F929A00D606D2 /* LaunchScreen.storyboard in Resources */,
				9028E298296F929A00D606D2 /* Assets.xcassets in Resources */,
				9028E296296F929900D606D2 /* Main.storyboard in Resources */,
			);
			runOnlyForDeploymentPostprocessing = 0;
		};
		9028E29F296F929A00D606D2 /* Resources */ = {
			isa = PBXResourcesBuildPhase;
			buildActionMask = 2147483647;
			files = (
			);
			runOnlyForDeploymentPostprocessing = 0;
		};
		9028E2A9296F929A00D606D2 /* Resources */ = {
			isa = PBXResourcesBuildPhase;
			buildActionMask = 2147483647;
			files = (
			);
			runOnlyForDeploymentPostprocessing = 0;
		};
/* End PBXResourcesBuildPhase section */

/* Begin PBXSourcesBuildPhase section */
		9028E287296F929900D606D2 /* Sources */ = {
			isa = PBXSourcesBuildPhase;
			buildActionMask = 2147483647;
			files = (
				9028E2C3296F996400D606D2 /* User.swift in Sources */,
				9028E293296F929900D606D2 /* ViewController.swift in Sources */,
				90BDE3BF297274200000BB40 /* ImageViewController.swift in Sources */,
				9028E28F296F929900D606D2 /* AppDelegate.swift in Sources */,
				9028E291296F929900D606D2 /* SceneDelegate.swift in Sources */,
			);
			runOnlyForDeploymentPostprocessing = 0;
		};
		9028E29D296F929A00D606D2 /* Sources */ = {
			isa = PBXSourcesBuildPhase;
			buildActionMask = 2147483647;
			files = (
				9028E2A6296F929A00D606D2 /* LECPTests.swift in Sources */,
			);
			runOnlyForDeploymentPostprocessing = 0;
		};
		9028E2A7296F929A00D606D2 /* Sources */ = {
			isa = PBXSourcesBuildPhase;
			buildActionMask = 2147483647;
			files = (
				9028E2B2296F929A00D606D2 /* LECPUITestsLaunchTests.swift in Sources */,
				9028E2B0296F929A00D606D2 /* LECPUITests.swift in Sources */,
			);
			runOnlyForDeploymentPostprocessing = 0;
		};
/* End PBXSourcesBuildPhase section */

/* Begin PBXTargetDependency section */
		9028E2A3296F929A00D606D2 /* PBXTargetDependency */ = {
			isa = PBXTargetDependency;
			target = 9028E28A296F929900D606D2 /* LECP */;
			targetProxy = 9028E2A2296F929A00D606D2 /* PBXContainerItemProxy */;
		};
		9028E2AD296F929A00D606D2 /* PBXTargetDependency */ = {
			isa = PBXTargetDependency;
			target = 9028E28A296F929900D606D2 /* LECP */;
			targetProxy = 9028E2AC296F929A00D606D2 /* PBXContainerItemProxy */;
		};
/* End PBXTargetDependency section */

/* Begin PBXVariantGroup section */
		9028E294296F929900D606D2 /* Main.storyboard */ = {
			isa = PBXVariantGroup;
			children = (
				9028E295296F929900D606D2 /* Base */,
			);
			name = Main.storyboard;
			sourceTree = "<group>";
		};
		9028E299296F929A00D606D2 /* LaunchScreen.storyboard */ = {
			isa = PBXVariantGroup;
			children = (
				9028E29A296F929A00D606D2 /* Base */,
			);
			name = LaunchScreen.storyboard;
			sourceTree = "<group>";
		};
/* End PBXVariantGroup section */

/* Begin XCBuildConfiguration section */
		9028E2B3296F929A00D606D2 /* Debug */ = {
			isa = XCBuildConfiguration;
			buildSettings = {
				ALWAYS_SEARCH_USER_PATHS = NO;
				CLANG_ANALYZER_NONNULL = YES;
				CLANG_ANALYZER_NUMBER_OBJECT_CONVERSION = YES_AGGRESSIVE;
				CLANG_CXX_LANGUAGE_STANDARD = "gnu++20";
				CLANG_ENABLE_MODULES = YES;
				CLANG_ENABLE_OBJC_ARC = YES;
				CLANG_ENABLE_OBJC_WEAK = YES;
				CLANG_WARN_BLOCK_CAPTURE_AUTORELEASING = YES;
				CLANG_WARN_BOOL_CONVERSION = YES;
				CLANG_WARN_COMMA = YES;
				CLANG_WARN_CONSTANT_CONVERSION = YES;
				CLANG_WARN_DEPRECATED_OBJC_IMPLEMENTATIONS = YES;
				CLANG_WARN_DIRECT_OBJC_ISA_USAGE = YES_ERROR;
				CLANG_WARN_DOCUMENTATION_COMMENTS = YES;
				CLANG_WARN_EMPTY_BODY = YES;
				CLANG_WARN_ENUM_CONVERSION = YES;
				CLANG_WARN_INFINITE_RECURSION = YES;
				CLANG_WARN_INT_CONVERSION = YES;
				CLANG_WARN_NON_LITERAL_NULL_CONVERSION = YES;
				CLANG_WARN_OBJC_IMPLICIT_RETAIN_SELF = YES;
				CLANG_WARN_OBJC_LITERAL_CONVERSION = YES;
				CLANG_WARN_OBJC_ROOT_CLASS = YES_ERROR;
				CLANG_WARN_QUOTED_INCLUDE_IN_FRAMEWORK_HEADER = YES;
				CLANG_WARN_RANGE_LOOP_ANALYSIS = YES;
				CLANG_WARN_STRICT_PROTOTYPES = YES;
				CLANG_WARN_SUSPICIOUS_MOVE = YES;
				CLANG_WARN_UNGUARDED_AVAILABILITY = YES_AGGRESSIVE;
				CLANG_WARN_UNREACHABLE_CODE = YES;
				CLANG_WARN__DUPLICATE_METHOD_MATCH = YES;
				COPY_PHASE_STRIP = NO;
				DEBUG_INFORMATION_FORMAT = dwarf;
				ENABLE_STRICT_OBJC_MSGSEND = YES;
				ENABLE_TESTABILITY = YES;
				GCC_C_LANGUAGE_STANDARD = gnu11;
				GCC_DYNAMIC_NO_PIC = NO;
				GCC_NO_COMMON_BLOCKS = YES;
				GCC_OPTIMIZATION_LEVEL = 0;
				GCC_PREPROCESSOR_DEFINITIONS = (
					"DEBUG=1",
					"$(inherited)",
				);
				GCC_WARN_64_TO_32_BIT_CONVERSION = YES;
				GCC_WARN_ABOUT_RETURN_TYPE = YES_ERROR;
				GCC_WARN_UNDECLARED_SELECTOR = YES;
				GCC_WARN_UNINITIALIZED_AUTOS = YES_AGGRESSIVE;
				GCC_WARN_UNUSED_FUNCTION = YES;
				GCC_WARN_UNUSED_VARIABLE = YES;
				IPHONEOS_DEPLOYMENT_TARGET = 16.1;
				MTL_ENABLE_DEBUG_INFO = INCLUDE_SOURCE;
				MTL_FAST_MATH = YES;
				ONLY_ACTIVE_ARCH = YES;
				SDKROOT = iphoneos;
				SWIFT_ACTIVE_COMPILATION_CONDITIONS = DEBUG;
				SWIFT_OPTIMIZATION_LEVEL = "-Onone";
			};
			name = Debug;
		};
		9028E2B4296F929A00D606D2 /* Release */ = {
			isa = XCBuildConfiguration;
			buildSettings = {
				ALWAYS_SEARCH_USER_PATHS = NO;
				CLANG_ANALYZER_NONNULL = YES;
				CLANG_ANALYZER_NUMBER_OBJECT_CONVERSION = YES_AGGRESSIVE;
				CLANG_CXX_LANGUAGE_STANDARD = "gnu++20";
				CLANG_ENABLE_MODULES = YES;
				CLANG_ENABLE_OBJC_ARC = YES;
				CLANG_ENABLE_OBJC_WEAK = YES;
				CLANG_WARN_BLOCK_CAPTURE_AUTORELEASING = YES;
				CLANG_WARN_BOOL_CONVERSION = YES;
				CLANG_WARN_COMMA = YES;
				CLANG_WARN_CONSTANT_CONVERSION = YES;
				CLANG_WARN_DEPRECATED_OBJC_IMPLEMENTATIONS = YES;
				CLANG_WARN_DIRECT_OBJC_ISA_USAGE = YES_ERROR;
				CLANG_WARN_DOCUMENTATION_COMMENTS = YES;
				CLANG_WARN_EMPTY_BODY = YES;
				CLANG_WARN_ENUM_CONVERSION = YES;
				CLANG_WARN_INFINITE_RECURSION = YES;
				CLANG_WARN_INT_CONVERSION = YES;
				CLANG_WARN_NON_LITERAL_NULL_CONVERSION = YES;
				CLANG_WARN_OBJC_IMPLICIT_RETAIN_SELF = YES;
				CLANG_WARN_OBJC_LITERAL_CONVERSION = YES;
				CLANG_WARN_OBJC_ROOT_CLASS = YES_ERROR;
				CLANG_WARN_QUOTED_INCLUDE_IN_FRAMEWORK_HEADER = YES;
				CLANG_WARN_RANGE_LOOP_ANALYSIS = YES;
				CLANG_WARN_STRICT_PROTOTYPES = YES;
				CLANG_WARN_SUSPICIOUS_MOVE = YES;
				CLANG_WARN_UNGUARDED_AVAILABILITY = YES_AGGRESSIVE;
				CLANG_WARN_UNREACHABLE_CODE = YES;
				CLANG_WARN__DUPLICATE_METHOD_MATCH = YES;
				COPY_PHASE_STRIP = NO;
				DEBUG_INFORMATION_FORMAT = "dwarf-with-dsym";
				ENABLE_NS_ASSERTIONS = NO;
				ENABLE_STRICT_OBJC_MSGSEND = YES;
				GCC_C_LANGUAGE_STANDARD = gnu11;
				GCC_NO_COMMON_BLOCKS = YES;
				GCC_WARN_64_TO_32_BIT_CONVERSION = YES;
				GCC_WARN_ABOUT_RETURN_TYPE = YES_ERROR;
				GCC_WARN_UNDECLARED_SELECTOR = YES;
				GCC_WARN_UNINITIALIZED_AUTOS = YES_AGGRESSIVE;
				GCC_WARN_UNUSED_FUNCTION = YES;
				GCC_WARN_UNUSED_VARIABLE = YES;
				IPHONEOS_DEPLOYMENT_TARGET = 16.1;
				MTL_ENABLE_DEBUG_INFO = NO;
				MTL_FAST_MATH = YES;
				SDKROOT = iphoneos;
				SWIFT_COMPILATION_MODE = wholemodule;
				SWIFT_OPTIMIZATION_LEVEL = "-O";
				VALIDATE_PRODUCT = YES;
			};
			name = Release;
		};
		9028E2B6296F929A00D606D2 /* Debug */ = {
			isa = XCBuildConfiguration;
			buildSettings = {
				ASSETCATALOG_COMPILER_APPICON_NAME = AppIcon;
				ASSETCATALOG_COMPILER_GLOBAL_ACCENT_COLOR_NAME = AccentColor;
				CODE_SIGN_STYLE = Automatic;
				CURRENT_PROJECT_VERSION = 1;
				DEVELOPMENT_TEAM = NPFQXF99EM;
				GENERATE_INFOPLIST_FILE = YES;
				INFOPLIST_FILE = LECP/Info.plist;
				INFOPLIST_KEY_UIApplicationSupportsIndirectInputEvents = YES;
				INFOPLIST_KEY_UILaunchStoryboardName = LaunchScreen;
				INFOPLIST_KEY_UIMainStoryboardFile = Main;
				INFOPLIST_KEY_UISupportedInterfaceOrientations_iPad = "UIInterfaceOrientationPortrait UIInterfaceOrientationPortraitUpsideDown UIInterfaceOrientationLandscapeLeft UIInterfaceOrientationLandscapeRight";
				INFOPLIST_KEY_UISupportedInterfaceOrientations_iPhone = "UIInterfaceOrientationPortrait UIInterfaceOrientationLandscapeLeft UIInterfaceOrientationLandscapeRight";
				IPHONEOS_DEPLOYMENT_TARGET = 15.0;
				LD_RUNPATH_SEARCH_PATHS = (
					"$(inherited)",
					"@executable_path/Frameworks",
				);
				MARKETING_VERSION = 1.0;
				PRODUCT_BUNDLE_IDENTIFIER = com.CDMobile.LECP;
				PRODUCT_NAME = "$(TARGET_NAME)";
				SWIFT_EMIT_LOC_STRINGS = YES;
				SWIFT_VERSION = 5.0;
				TARGETED_DEVICE_FAMILY = "1,2";
			};
			name = Debug;
		};
		9028E2B7296F929A00D606D2 /* Release */ = {
			isa = XCBuildConfiguration;
			buildSettings = {
				ASSETCATALOG_COMPILER_APPICON_NAME = AppIcon;
				ASSETCATALOG_COMPILER_GLOBAL_ACCENT_COLOR_NAME = AccentColor;
				CODE_SIGN_STYLE = Automatic;
				CURRENT_PROJECT_VERSION = 1;
				DEVELOPMENT_TEAM = NPFQXF99EM;
				GENERATE_INFOPLIST_FILE = YES;
				INFOPLIST_FILE = LECP/Info.plist;
				INFOPLIST_KEY_UIApplicationSupportsIndirectInputEvents = YES;
				INFOPLIST_KEY_UILaunchStoryboardName = LaunchScreen;
				INFOPLIST_KEY_UIMainStoryboardFile = Main;
				INFOPLIST_KEY_UISupportedInterfaceOrientations_iPad = "UIInterfaceOrientationPortrait UIInterfaceOrientationPortraitUpsideDown UIInterfaceOrientationLandscapeLeft UIInterfaceOrientationLandscapeRight";
				INFOPLIST_KEY_UISupportedInterfaceOrientations_iPhone = "UIInterfaceOrientationPortrait UIInterfaceOrientationLandscapeLeft UIInterfaceOrientationLandscapeRight";
				IPHONEOS_DEPLOYMENT_TARGET = 15.0;
				LD_RUNPATH_SEARCH_PATHS = (
					"$(inherited)",
					"@executable_path/Frameworks",
				);
				MARKETING_VERSION = 1.0;
				PRODUCT_BUNDLE_IDENTIFIER = com.CDMobile.LECP;
				PRODUCT_NAME = "$(TARGET_NAME)";
				SWIFT_EMIT_LOC_STRINGS = YES;
				SWIFT_VERSION = 5.0;
				TARGETED_DEVICE_FAMILY = "1,2";
			};
			name = Release;
		};
		9028E2B9296F929A00D606D2 /* Debug */ = {
			isa = XCBuildConfiguration;
			buildSettings = {
				ALWAYS_EMBED_SWIFT_STANDARD_LIBRARIES = YES;
				BUNDLE_LOADER = "$(TEST_HOST)";
				CODE_SIGN_STYLE = Automatic;
				CURRENT_PROJECT_VERSION = 1;
				DEVELOPMENT_TEAM = NPFQXF99EM;
				GENERATE_INFOPLIST_FILE = YES;
				IPHONEOS_DEPLOYMENT_TARGET = 16.1;
				MARKETING_VERSION = 1.0;
				PRODUCT_BUNDLE_IDENTIFIER = com.CDMobile.LECPTests;
				PRODUCT_NAME = "$(TARGET_NAME)";
				SWIFT_EMIT_LOC_STRINGS = NO;
				SWIFT_VERSION = 5.0;
				TARGETED_DEVICE_FAMILY = "1,2";
				TEST_HOST = "$(BUILT_PRODUCTS_DIR)/LECP.app/$(BUNDLE_EXECUTABLE_FOLDER_PATH)/LECP";
			};
			name = Debug;
		};
		9028E2BA296F929A00D606D2 /* Release */ = {
			isa = XCBuildConfiguration;
			buildSettings = {
				ALWAYS_EMBED_SWIFT_STANDARD_LIBRARIES = YES;
				BUNDLE_LOADER = "$(TEST_HOST)";
				CODE_SIGN_STYLE = Automatic;
				CURRENT_PROJECT_VERSION = 1;
				DEVELOPMENT_TEAM = NPFQXF99EM;
				GENERATE_INFOPLIST_FILE = YES;
				IPHONEOS_DEPLOYMENT_TARGET = 16.1;
				MARKETING_VERSION = 1.0;
				PRODUCT_BUNDLE_IDENTIFIER = com.CDMobile.LECPTests;
				PRODUCT_NAME = "$(TARGET_NAME)";
				SWIFT_EMIT_LOC_STRINGS = NO;
				SWIFT_VERSION = 5.0;
				TARGETED_DEVICE_FAMILY = "1,2";
				TEST_HOST = "$(BUILT_PRODUCTS_DIR)/LECP.app/$(BUNDLE_EXECUTABLE_FOLDER_PATH)/LECP";
			};
			name = Release;
		};
		9028E2BC296F929A00D606D2 /* Debug */ = {
			isa = XCBuildConfiguration;
			buildSettings = {
				ALWAYS_EMBED_SWIFT_STANDARD_LIBRARIES = YES;
				CODE_SIGN_STYLE = Automatic;
				CURRENT_PROJECT_VERSION = 1;
				DEVELOPMENT_TEAM = NPFQXF99EM;
				GENERATE_INFOPLIST_FILE = YES;
				MARKETING_VERSION = 1.0;
				PRODUCT_BUNDLE_IDENTIFIER = com.CDMobile.LECPUITests;
				PRODUCT_NAME = "$(TARGET_NAME)";
				SWIFT_EMIT_LOC_STRINGS = NO;
				SWIFT_VERSION = 5.0;
				TARGETED_DEVICE_FAMILY = "1,2";
				TEST_TARGET_NAME = LECP;
			};
			name = Debug;
		};
		9028E2BD296F929A00D606D2 /* Release */ = {
			isa = XCBuildConfiguration;
			buildSettings = {
				ALWAYS_EMBED_SWIFT_STANDARD_LIBRARIES = YES;
				CODE_SIGN_STYLE = Automatic;
				CURRENT_PROJECT_VERSION = 1;
				DEVELOPMENT_TEAM = NPFQXF99EM;
				GENERATE_INFOPLIST_FILE = YES;
				MARKETING_VERSION = 1.0;
				PRODUCT_BUNDLE_IDENTIFIER = com.CDMobile.LECPUITests;
				PRODUCT_NAME = "$(TARGET_NAME)";
				SWIFT_EMIT_LOC_STRINGS = NO;
				SWIFT_VERSION = 5.0;
				TARGETED_DEVICE_FAMILY = "1,2";
				TEST_TARGET_NAME = LECP;
			};
			name = Release;
		};
/* End XCBuildConfiguration section */

/* Begin XCConfigurationList section */
		9028E286296F929900D606D2 /* Build configuration list for PBXProject "LECP" */ = {
			isa = XCConfigurationList;
			buildConfigurations = (
				9028E2B3296F929A00D606D2 /* Debug */,
				9028E2B4296F929A00D606D2 /* Release */,
			);
			defaultConfigurationIsVisible = 0;
			defaultConfigurationName = Release;
		};
		9028E2B5296F929A00D606D2 /* Build configuration list for PBXNativeTarget "LECP" */ = {
			isa = XCConfigurationList;
			buildConfigurations = (
				9028E2B6296F929A00D606D2 /* Debug */,
				9028E2B7296F929A00D606D2 /* Release */,
			);
			defaultConfigurationIsVisible = 0;
			defaultConfigurationName = Release;
		};
		9028E2B8296F929A00D606D2 /* Build configuration list for PBXNativeTarget "LECPTests" */ = {
			isa = XCConfigurationList;
			buildConfigurations = (
				9028E2B9296F929A00D606D2 /* Debug */,
				9028E2BA296F929A00D606D2 /* Release */,
			);
			defaultConfigurationIsVisible = 0;
			defaultConfigurationName = Release;
		};
		9028E2BB296F929A00D606D2 /* Build configuration list for PBXNativeTarget "LECPUITests" */ = {
			isa = XCConfigurationList;
			buildConfigurations = (
				9028E2BC296F929A00D606D2 /* Debug */,
				9028E2BD296F929A00D606D2 /* Release */,
			);
			defaultConfigurationIsVisible = 0;
			defaultConfigurationName = Release;
		};
/* End XCConfigurationList section */

/* Begin XCRemoteSwiftPackageReference section */
		9028E2BE296F958000D606D2 /* XCRemoteSwiftPackageReference "SkeletonView" */ = {
			isa = XCRemoteSwiftPackageReference;
			repositoryURL = "https://github.com/Juanpe/SkeletonView";
			requirement = {
				kind = upToNextMajorVersion;
				minimumVersion = 1.0.0;
			};
		};
/* End XCRemoteSwiftPackageReference section */

/* Begin XCSwiftPackageProductDependency section */
		9028E2BF296F958000D606D2 /* SkeletonView */ = {
			isa = XCSwiftPackageProductDependency;
			package = 9028E2BE296F958000D606D2 /* XCRemoteSwiftPackageReference "SkeletonView" */;
			productName = SkeletonView;
		};
/* End XCSwiftPackageProductDependency section */
	};
	rootObject = 9028E283296F929900D606D2 /* Project object */;
}
